
Microsoft Visual Studio Solution File, Format Version 12.00
# Visual Studio Version 17
VisualStudioVersion = 17.13.35931.197 d17.13
MinimumVisualStudioVersion = 10.0.40219.1
Project("{FAE04EC0-301F-11D3-BF4B-00C04F79EFBC}") = "TestFullStack", "TestFullStack\TestFullStack.csproj", "{11A7BA60-4A23-4317-B32A-7428B9393CF7}"
EndProject
Project("{FAE04EC0-301F-11D3-BF4B-00C04F79EFBC}") = "Test.Domain", "Test.Domain\Test.Domain.csproj", "{BC848BCC-BE55-4D25-B454-3F9B54048AF7}"
EndProject
Project("{FAE04EC0-301F-11D3-BF4B-00C04F79EFBC}") = "Test.Infrastructure", "Test.Infrastructure\Test.Infrastructure.csproj", "{780255EA-3E7D-4632-9ADA-7E677829D03C}"
EndProject
Global
	GlobalSection(SolutionConfigurationPlatforms) = preSolution
		Debug|Any CPU = Debug|Any CPU
		Release|Any CPU = Release|Any CPU
	EndGlobalSection
	GlobalSection(ProjectConfigurationPlatforms) = postSolution
		{11A7BA60-4A23-4317-B32A-7428B9393CF7}.Debug|Any CPU.ActiveCfg = Debug|Any CPU
		{11A7BA60-4A23-4317-B32A-7428B9393CF7}.Debug|Any CPU.Build.0 = Debug|Any CPU
		{11A7BA60-4A23-4317-B32A-7428B9393CF7}.Release|Any CPU.ActiveCfg = Release|Any CPU
		{11A7BA60-4A23-4317-B32A-7428B9393CF7}.Release|Any CPU.Build.0 = Release|Any CPU
		{BC848BCC-BE55-4D25-B454-3F9B54048AF7}.Debug|Any CPU.ActiveCfg = Debug|Any CPU
		{BC848BCC-BE55-4D25-B454-3F9B54048AF7}.Debug|Any CPU.Build.0 = Debug|Any CPU
		{BC848BCC-BE55-4D25-B454-3F9B54048AF7}.Release|Any CPU.ActiveCfg = Release|Any CPU
		{BC848BCC-BE55-4D25-B454-3F9B54048AF7}.Release|Any CPU.Build.0 = Release|Any CPU
		{780255EA-3E7D-4632-9ADA-7E677829D03C}.Debug|Any CPU.ActiveCfg = Debug|Any CPU
		{780255EA-3E7D-4632-9ADA-7E677829D03C}.Debug|Any CPU.Build.0 = Debug|Any CPU
		{780255EA-3E7D-4632-9ADA-7E677829D03C}.Release|Any CPU.ActiveCfg = Release|Any CPU
		{780255EA-3E7D-4632-9ADA-7E677829D03C}.Release|Any CPU.Build.0 = Release|Any CPU
	EndGlobalSection
	GlobalSection(SolutionProperties) = preSolution
		HideSolutionNode = FALSE
	EndGlobalSection
	GlobalSection(ExtensibilityGlobals) = postSolution
		SolutionGuid = {E054B04B-1B53-4FE4-8D67-84A9FD245C0E}
	EndGlobalSection
EndGlobal
